
Microsoft Visual Studio Solution File, Format Version 12.00
# Visual Studio Version 16
VisualStudioVersion = 16.0.28917.181
MinimumVisualStudioVersion = 10.0.40219.1
Project("{FAE04EC0-301F-11D3-BF4B-00C04F79EFBC}") = "ArrayRotate", "ArrayRotate\ArrayRotate.csproj", "{2FDACF76-2861-43A4-8EE3-17CBDC135526}"
EndProject
Global
	GlobalSection(SolutionConfigurationPlatforms) = preSolution
		Debug|Any CPU = Debug|Any CPU
		Release|Any CPU = Release|Any CPU
	EndGlobalSection
	GlobalSection(ProjectConfigurationPlatforms) = postSolution
		{2FDACF76-2861-43A4-8EE3-17CBDC135526}.Debug|Any CPU.ActiveCfg = Debug|Any CPU
		{2FDACF76-2861-43A4-8EE3-17CBDC135526}.Debug|Any CPU.Build.0 = Debug|Any CPU
		{2FDACF76-2861-43A4-8EE3-17CBDC135526}.Release|Any CPU.ActiveCfg = Release|Any CPU
		{2FDACF76-2861-43A4-8EE3-17CBDC135526}.Release|Any CPU.Build.0 = Release|Any CPU
	EndGlobalSection
	GlobalSection(SolutionProperties) = preSolution
		HideSolutionNode = FALSE
	EndGlobalSection
	GlobalSection(ExtensibilityGlobals) = postSolution
		SolutionGuid = {DD6D8EA8-D6F6-45AF-9CA7-619935FD73F9}
	EndGlobalSection
EndGlobal
